
Microsoft Visual Studio Solution File, Format Version 12.00
# Visual Studio Version 17
VisualStudioVersion = 17.9.34616.47
MinimumVisualStudioVersion = 10.0.40219.1
Project("{FAE04EC0-301F-11D3-BF4B-00C04F79EFBC}") = "QuestPdfExample", "QuestPdfExample.csproj", "{0F5C9B2D-671E-471B-85EB-7B670B11B6E0}"
EndProject
Global
	GlobalSection(SolutionConfigurationPlatforms) = preSolution
		Debug|Any CPU = Debug|Any CPU
		Release|Any CPU = Release|Any CPU
	EndGlobalSection
	GlobalSection(ProjectConfigurationPlatforms) = postSolution
		{0F5C9B2D-671E-471B-85EB-7B670B11B6E0}.Debug|Any CPU.ActiveCfg = Debug|Any CPU
		{0F5C9B2D-671E-471B-85EB-7B670B11B6E0}.Debug|Any CPU.Build.0 = Debug|Any CPU
		{0F5C9B2D-671E-471B-85EB-7B670B11B6E0}.Release|Any CPU.ActiveCfg = Release|Any CPU
		{0F5C9B2D-671E-471B-85EB-7B670B11B6E0}.Release|Any CPU.Build.0 = Release|Any CPU
	EndGlobalSection
	GlobalSection(SolutionProperties) = preSolution
		HideSolutionNode = FALSE
	EndGlobalSection
	GlobalSection(ExtensibilityGlobals) = postSolution
		SolutionGuid = {970A5967-CB13-4C7C-8BC0-DE54D03F11E3}
	EndGlobalSection
EndGlobal
