
Microsoft Visual Studio Solution File, Format Version 12.00
# Visual Studio Version 17
VisualStudioVersion = 17.9.34616.47
MinimumVisualStudioVersion = 10.0.40219.1
Project("{FAE04EC0-301F-11D3-BF4B-00C04F79EFBC}") = "iTextExample", "iTextExample.csproj", "{AF71212B-6712-45AB-8C90-970F6918EA93}"
EndProject
Global
	GlobalSection(SolutionConfigurationPlatforms) = preSolution
		Debug|Any CPU = Debug|Any CPU
		Release|Any CPU = Release|Any CPU
	EndGlobalSection
	GlobalSection(ProjectConfigurationPlatforms) = postSolution
		{AF71212B-6712-45AB-8C90-970F6918EA93}.Debug|Any CPU.ActiveCfg = Debug|Any CPU
		{AF71212B-6712-45AB-8C90-970F6918EA93}.Debug|Any CPU.Build.0 = Debug|Any CPU
		{AF71212B-6712-45AB-8C90-970F6918EA93}.Release|Any CPU.ActiveCfg = Release|Any CPU
		{AF71212B-6712-45AB-8C90-970F6918EA93}.Release|Any CPU.Build.0 = Release|Any CPU
	EndGlobalSection
	GlobalSection(SolutionProperties) = preSolution
		HideSolutionNode = FALSE
	EndGlobalSection
	GlobalSection(ExtensibilityGlobals) = postSolution
		SolutionGuid = {8082CFFD-12D1-4796-807B-85054F4284FE}
	EndGlobalSection
EndGlobal
