
Microsoft Visual Studio Solution File, Format Version 12.00
# Visual Studio Version 17
VisualStudioVersion = 17.9.34616.47
MinimumVisualStudioVersion = 10.0.40219.1
Project("{FAE04EC0-301F-11D3-BF4B-00C04F79EFBC}") = "PDFSharpExample", "PDFSharpExample.csproj", "{EC193AF9-67E3-492E-8AAB-563BAFA0294D}"
EndProject
Global
	GlobalSection(SolutionConfigurationPlatforms) = preSolution
		Debug|Any CPU = Debug|Any CPU
		Release|Any CPU = Release|Any CPU
	EndGlobalSection
	GlobalSection(ProjectConfigurationPlatforms) = postSolution
		{EC193AF9-67E3-492E-8AAB-563BAFA0294D}.Debug|Any CPU.ActiveCfg = Debug|Any CPU
		{EC193AF9-67E3-492E-8AAB-563BAFA0294D}.Debug|Any CPU.Build.0 = Debug|Any CPU
		{EC193AF9-67E3-492E-8AAB-563BAFA0294D}.Release|Any CPU.ActiveCfg = Release|Any CPU
		{EC193AF9-67E3-492E-8AAB-563BAFA0294D}.Release|Any CPU.Build.0 = Release|Any CPU
	EndGlobalSection
	GlobalSection(SolutionProperties) = preSolution
		HideSolutionNode = FALSE
	EndGlobalSection
	GlobalSection(ExtensibilityGlobals) = postSolution
		SolutionGuid = {7715467C-58B7-4F76-B8F9-2FFA08227363}
	EndGlobalSection
EndGlobal
